Microsoft Visual Studio Solution File, Format Version 11.00
# Visual Studio 2008

Project("{C8D7170E-5AB8-640C-146A-EDFFBA351462}") = "Qaf", "Assembly-CSharp.csproj", "{8C01A7D5-F266-C707-137E-6F40D08C0011}"
EndProject
Global
	GlobalSection(SolutionConfigurationPlatforms) = preSolution
		Debug|Any CPU = Debug|Any CPU
		Release|Any CPU = Release|Any CPU
	EndGlobalSection
	GlobalSection(ProjectConfigurationPlatforms) = postSolution
		{8C01A7D5-F266-C707-137E-6F40D08C0011}.Debug|Any CPU.ActiveCfg = Debug|Any CPU
		{8C01A7D5-F266-C707-137E-6F40D08C0011}.Debug|Any CPU.Build.0 = Debug|Any CPU
		{8C01A7D5-F266-C707-137E-6F40D08C0011}.Release|Any CPU.ActiveCfg = Release|Any CPU
		{8C01A7D5-F266-C707-137E-6F40D08C0011}.Release|Any CPU.Build.0 = Release|Any CPU
	EndGlobalSection
	GlobalSection(SolutionProperties) = preSolution
		HideSolutionNode = FALSE
	EndGlobalSection
	GlobalSection(MonoDevelopProperties) = preSolution
		StartupItem = Assembly-CSharp.csproj
	EndGlobalSection
EndGlobal
